
Microsoft Visual Studio Solution File, Format Version 12.00
# Visual Studio 15
VisualStudioVersion = 15.0.28307.489
MinimumVisualStudioVersion = 10.0.40219.1
Project("{FAE04EC0-301F-11D3-BF4B-00C04F79EFBC}") = "PackageTool", "PackageTool\PackageTool.csproj", "{29F06EDA-C62F-4E1C-94D3-1D44565A63F8}"
EndProject
Global
	GlobalSection(SolutionConfigurationPlatforms) = preSolution
		Debug|Any CPU = Debug|Any CPU
		Release|Any CPU = Release|Any CPU
	EndGlobalSection
	GlobalSection(ProjectConfigurationPlatforms) = postSolution
		{29F06EDA-C62F-4E1C-94D3-1D44565A63F8}.Debug|Any CPU.ActiveCfg = Debug|Any CPU
		{29F06EDA-C62F-4E1C-94D3-1D44565A63F8}.Debug|Any CPU.Build.0 = Debug|Any CPU
		{29F06EDA-C62F-4E1C-94D3-1D44565A63F8}.Release|Any CPU.ActiveCfg = Release|Any CPU
		{29F06EDA-C62F-4E1C-94D3-1D44565A63F8}.Release|Any CPU.Build.0 = Release|Any CPU
	EndGlobalSection
	GlobalSection(SolutionProperties) = preSolution
		HideSolutionNode = FALSE
	EndGlobalSection
	GlobalSection(ExtensibilityGlobals) = postSolution
		SolutionGuid = {54C15848-004E-49C8-BB4A-63ABAD4EC1D0}
	EndGlobalSection
EndGlobal
